{
  "name": "component.messagebus",
  "version": "1.0.0",
  "lockfileVersion": 1,
  "requires": true,
  "dependencies": {
    "component.communication": {
      "version": "github:marchuanv/component.communication#50776464ac31128d87c3dcef988f4994162368ee",
      "from": "github:marchuanv/component.communication",
      "requires": {
        "component.logging": "github:marchuanv/component.logging",
        "utils": "github:marchuanv/utils"
      }
    },
    "component.logging": {
      "version": "github:marchuanv/component.logging#74b31dcbda8d872755b97b4e51bb3cecbc2169f8",
      "from": "github:marchuanv/component.logging",
      "requires": {
        "utils": "github:marchuanv/utils"
      }
    },
    "utils": {
      "version": "github:marchuanv/utils#3815045a6d4d37009a90eb10e50566118bb1d8f9",
      "from": "github:marchuanv/utils"
    }
  }
}
